
Microsoft Visual Studio Solution File, Format Version 12.00
# Visual Studio Version 16
VisualStudioVersion = 16.0.30621.155
MinimumVisualStudioVersion = 15.0.26124.0
Project("{9A19103F-16F7-4668-BE54-9A1E7A4F7556}") = "SimpleAPI", "src\SimpleAPI\SimpleAPI.csproj", "{12690723-F58D-493A-AB45-7F05372996DF}"
EndProject
Project("{9A19103F-16F7-4668-BE54-9A1E7A4F7556}") = "SimpleAPI.Test", "test\SimpleAPI.Test\SimpleAPI.Test.csproj", "{ADD80E96-7F4D-46F9-B872-2A13A7F449F8}"
EndProject
Global
	GlobalSection(SolutionConfigurationPlatforms) = preSolution
		Debug|Any CPU = Debug|Any CPU
		Debug|x64 = Debug|x64
		Debug|x86 = Debug|x86
		Release|Any CPU = Release|Any CPU
		Release|x64 = Release|x64
		Release|x86 = Release|x86
	EndGlobalSection
	GlobalSection(ProjectConfigurationPlatforms) = postSolution
		{12690723-F58D-493A-AB45-7F05372996DF}.Debug|Any CPU.ActiveCfg = Debug|Any CPU
		{12690723-F58D-493A-AB45-7F05372996DF}.Debug|Any CPU.Build.0 = Debug|Any CPU
		{12690723-F58D-493A-AB45-7F05372996DF}.Debug|x64.ActiveCfg = Debug|Any CPU
		{12690723-F58D-493A-AB45-7F05372996DF}.Debug|x64.Build.0 = Debug|Any CPU
		{12690723-F58D-493A-AB45-7F05372996DF}.Debug|x86.ActiveCfg = Debug|Any CPU
		{12690723-F58D-493A-AB45-7F05372996DF}.Debug|x86.Build.0 = Debug|Any CPU
		{12690723-F58D-493A-AB45-7F05372996DF}.Release|Any CPU.ActiveCfg = Release|Any CPU
		{12690723-F58D-493A-AB45-7F05372996DF}.Release|Any CPU.Build.0 = Release|Any CPU
		{12690723-F58D-493A-AB45-7F05372996DF}.Release|x64.ActiveCfg = Release|Any CPU
		{12690723-F58D-493A-AB45-7F05372996DF}.Release|x64.Build.0 = Release|Any CPU
		{12690723-F58D-493A-AB45-7F05372996DF}.Release|x86.ActiveCfg = Release|Any CPU
		{12690723-F58D-493A-AB45-7F05372996DF}.Release|x86.Build.0 = Release|Any CPU
		{ADD80E96-7F4D-46F9-B872-2A13A7F449F8}.Debug|Any CPU.ActiveCfg = Debug|Any CPU
		{ADD80E96-7F4D-46F9-B872-2A13A7F449F8}.Debug|Any CPU.Build.0 = Debug|Any CPU
		{ADD80E96-7F4D-46F9-B872-2A13A7F449F8}.Debug|x64.ActiveCfg = Debug|Any CPU
		{ADD80E96-7F4D-46F9-B872-2A13A7F449F8}.Debug|x64.Build.0 = Debug|Any CPU
		{ADD80E96-7F4D-46F9-B872-2A13A7F449F8}.Debug|x86.ActiveCfg = Debug|Any CPU
		{ADD80E96-7F4D-46F9-B872-2A13A7F449F8}.Debug|x86.Build.0 = Debug|Any CPU
		{ADD80E96-7F4D-46F9-B872-2A13A7F449F8}.Release|Any CPU.ActiveCfg = Release|Any CPU
		{ADD80E96-7F4D-46F9-B872-2A13A7F449F8}.Release|Any CPU.Build.0 = Release|Any CPU
		{ADD80E96-7F4D-46F9-B872-2A13A7F449F8}.Release|x64.ActiveCfg = Release|Any CPU
		{ADD80E96-7F4D-46F9-B872-2A13A7F449F8}.Release|x64.Build.0 = Release|Any CPU
		{ADD80E96-7F4D-46F9-B872-2A13A7F449F8}.Release|x86.ActiveCfg = Release|Any CPU
		{ADD80E96-7F4D-46F9-B872-2A13A7F449F8}.Release|x86.Build.0 = Release|Any CPU
	EndGlobalSection
	GlobalSection(SolutionProperties) = preSolution
		HideSolutionNode = FALSE
	EndGlobalSection
	GlobalSection(ExtensibilityGlobals) = postSolution
		SolutionGuid = {78910BC8-498E-494B-AED4-3418DFC2788C}
	EndGlobalSection
EndGlobal
